version = 1
revision = 1
requires-python = "==3.8.*"

[[package]]
name = "attrs"
version = "25.3.0"
source = { registry = "https://pypi.org/simple" }
sdist = { url = "https://files.pythonhosted.org/packages/5a/b0/1367933a8532ee6ff8d63537de4f1177af4bff9f3e829baf7331f595bb24/attrs-25.3.0.tar.gz", hash = "sha256:75d7cefc7fb576747b2c81b4442d4d4a1ce0900973527c011d1030fd3bf4af1b", size = 812032 }
wheels = [
    { url = "https://files.pythonhosted.org/packages/77/06/bb80f5f86020c4551da315d78b3ab75e8228f89f0162f2c3a819e407941a/attrs-25.3.0-py3-none-any.whl", hash = "sha256:427318ce031701fea540783410126f03899a97ffc6f61596ad581ac2e40e3bc3", size = 63815 },
]

[[package]]
name = "bleach"
version = "6.1.0"
source = { registry = "https://pypi.org/simple" }
dependencies = [
    { name = "six" },
    { name = "webencodings" },
]
sdist = { url = "https://files.pythonhosted.org/packages/6d/10/77f32b088738f40d4f5be801daa5f327879eadd4562f36a2b5ab975ae571/bleach-6.1.0.tar.gz", hash = "sha256:0a31f1837963c41d46bbf1331b8778e1308ea0791db03cc4e7357b97cf42a8fe", size = 202119 }
wheels = [
    { url = "https://files.pythonhosted.org/packages/ea/63/da7237f805089ecc28a3f36bca6a21c31fcbc2eb380f3b8f1be3312abd14/bleach-6.1.0-py3-none-any.whl", hash = "sha256:3225f354cfc436b9789c66c4ee030194bee0568fbf9cbdad3bc8b5c26c5f12b6", size = 162750 },
]

[[package]]
name = "decorator"
version = "5.2.1"
source = { registry = "https://pypi.org/simple" }
sdist = { url = "https://files.pythonhosted.org/packages/43/fa/6d96a0978d19e17b68d634497769987b16c8f4cd0a7a05048bec693caa6b/decorator-5.2.1.tar.gz", hash = "sha256:65f266143752f734b0a7cc83c46f4618af75b8c5911b00ccb61d0ac9b6da0360", size = 56711 }
wheels = [
    { url = "https://files.pythonhosted.org/packages/4e/8c/f3147f5c4b73e7550fe5f9352eaa956ae838d5c51eb58e7a25b9f3e2643b/decorator-5.2.1-py3-none-any.whl", hash = "sha256:d316bb415a2d9e2d2b3abcc4084c6502fc09240e292cd76a76afc106a1c8e04a", size = 9190 },
]

[[package]]
name = "defusedxml"
version = "0.7.1"
source = { registry = "https://pypi.org/simple" }
sdist = { url = "https://files.pythonhosted.org/packages/0f/d5/c66da9b79e5bdb124974bfe172b4daf3c984ebd9c2a06e2b8a4dc7331c72/defusedxml-0.7.1.tar.gz", hash = "sha256:1bb3032db185915b62d7c6209c5a8792be6a32ab2fedacc84e01b52c51aa3e69", size = 75520 }
wheels = [
    { url = "https://files.pythonhosted.org/packages/07/6c/aa3f2f849e01cb6a001cd8554a88d4c77c5c1a31c95bdf1cf9301e6d9ef4/defusedxml-0.7.1-py2.py3-none-any.whl", hash = "sha256:a352e7e428770286cc899e2542b6cdaedb2b4953ff269a210103ec58f6198a61", size = 25604 },
]

[[package]]
name = "entrypoints"
version = "0.4"
source = { registry = "https://pypi.org/simple" }
sdist = { url = "https://files.pythonhosted.org/packages/ea/8d/a7121ffe5f402dc015277d2d31eb82d2187334503a011c18f2e78ecbb9b2/entrypoints-0.4.tar.gz", hash = "sha256:b706eddaa9218a19ebcd67b56818f05bb27589b1ca9e8d797b74affad4ccacd4", size = 13974 }
wheels = [
    { url = "https://files.pythonhosted.org/packages/35/a8/365059bbcd4572cbc41de17fd5b682be5868b218c3c5479071865cab9078/entrypoints-0.4-py3-none-any.whl", hash = "sha256:f174b5ff827504fd3cd97cc3f8649f3693f51538c7e4bdf3ef002c8429d42f9f", size = 5294 },
]

[[package]]
name = "fastjsonschema"
version = "2.21.2"
source = { registry = "https://pypi.org/simple" }
sdist = { url = "https://files.pythonhosted.org/packages/20/b5/23b216d9d985a956623b6bd12d4086b60f0059b27799f23016af04a74ea1/fastjsonschema-2.21.2.tar.gz", hash = "sha256:b1eb43748041c880796cd077f1a07c3d94e93ae84bba5ed36800a33554ae05de", size = 374130 }
wheels = [
    { url = "https://files.pythonhosted.org/packages/cb/a8/20d0723294217e47de6d9e2e40fd4a9d2f7c4b6ef974babd482a59743694/fastjsonschema-2.21.2-py3-none-any.whl", hash = "sha256:1c797122d0a86c5cace2e54bf4e819c36223b552017172f32c5c024a6b77e463", size = 24024 },
]

[[package]]
name = "importlib-resources"
version = "6.4.5"
source = { registry = "https://pypi.org/simple" }
dependencies = [
    { name = "zipp" },
]
sdist = { url = "https://files.pythonhosted.org/packages/98/be/f3e8c6081b684f176b761e6a2fef02a0be939740ed6f54109a2951d806f3/importlib_resources-6.4.5.tar.gz", hash = "sha256:980862a1d16c9e147a59603677fa2aa5fd82b87f223b6cb870695bcfce830065", size = 43372 }
wheels = [
    { url = "https://files.pythonhosted.org/packages/e1/6a/4604f9ae2fa62ef47b9de2fa5ad599589d28c9fd1d335f32759813dfa91e/importlib_resources-6.4.5-py3-none-any.whl", hash = "sha256:ac29d5f956f01d5e4bb63102a5a19957f1b9175e45649977264a1416783bb717", size = 36115 },
]

[[package]]
name = "ipython-genutils"
version = "0.2.0"
source = { registry = "https://pypi.org/simple" }
sdist = { url = "https://files.pythonhosted.org/packages/e8/69/fbeffffc05236398ebfcfb512b6d2511c622871dca1746361006da310399/ipython_genutils-0.2.0.tar.gz", hash = "sha256:eb2e116e75ecef9d4d228fdc66af54269afa26ab4463042e33785b887c628ba8", size = 22208 }
wheels = [
    { url = "https://files.pythonhosted.org/packages/fa/bc/9bd3b5c2b4774d5f33b2d544f1460be9df7df2fe42f352135381c347c69a/ipython_genutils-0.2.0-py2.py3-none-any.whl", hash = "sha256:72dd37233799e619666c9f639a9da83c34013a73e8bbc79a7a6348d93c61fab8", size = 26343 },
]

[[package]]
name = "jinja2"
version = "3.0.1"
source = { registry = "https://pypi.org/simple" }
dependencies = [
    { name = "markupsafe" },
]
sdist = { url = "https://files.pythonhosted.org/packages/39/11/8076571afd97303dfeb6e466f27187ca4970918d4b36d5326725514d3ed3/Jinja2-3.0.1.tar.gz", hash = "sha256:703f484b47a6af502e743c9122595cc812b0271f661722403114f71a79d0f5a4", size = 267938 }
wheels = [
    { url = "https://files.pythonhosted.org/packages/80/21/ae597efc7ed8caaa43fb35062288baaf99a7d43ff0cf66452ddf47604ee6/Jinja2-3.0.1-py3-none-any.whl", hash = "sha256:1f06f2da51e7b56b8f238affdd6b4e2c61e39598a378cc49345bc1bd42a978a4", size = 133664 },
]

[[package]]
name = "jsonschema"
version = "4.23.0"
source = { registry = "https://pypi.org/simple" }
dependencies = [
    { name = "attrs" },
    { name = "importlib-resources" },
    { name = "jsonschema-specifications" },
    { name = "pkgutil-resolve-name" },
    { name = "referencing" },
    { name = "rpds-py" },
]
sdist = { url = "https://files.pythonhosted.org/packages/38/2e/03362ee4034a4c917f697890ccd4aec0800ccf9ded7f511971c75451deec/jsonschema-4.23.0.tar.gz", hash = "sha256:d71497fef26351a33265337fa77ffeb82423f3ea21283cd9467bb03999266bc4", size = 325778 }
wheels = [
    { url = "https://files.pythonhosted.org/packages/69/4a/4f9dbeb84e8850557c02365a0eee0649abe5eb1d84af92a25731c6c0f922/jsonschema-4.23.0-py3-none-any.whl", hash = "sha256:fbadb6f8b144a8f8cf9f0b89ba94501d143e50411a1278633f56a7acf7fd5566", size = 88462 },
]

[[package]]
name = "jsonschema-specifications"
version = "2023.12.1"
source = { registry = "https://pypi.org/simple" }
dependencies = [
    { name = "importlib-resources" },
    { name = "referencing" },
]
sdist = { url = "https://files.pythonhosted.org/packages/f8/b9/cc0cc592e7c195fb8a650c1d5990b10175cf13b4c97465c72ec841de9e4b/jsonschema_specifications-2023.12.1.tar.gz", hash = "sha256:48a76787b3e70f5ed53f1160d2b81f586e4ca6d1548c5de7085d1682674764cc", size = 13983 }
wheels = [
    { url = "https://files.pythonhosted.org/packages/ee/07/44bd408781594c4d0a027666ef27fab1e441b109dc3b76b4f836f8fd04fe/jsonschema_specifications-2023.12.1-py3-none-any.whl", hash = "sha256:87e4fdf3a94858b8a2ba2778d9ba57d8a9cafca7c7489c46ba0d30a8bc6a9c3c", size = 18482 },
]

[[package]]
name = "jupyter-core"
version = "5.0.0"
source = { registry = "https://pypi.org/simple" }
dependencies = [
    { name = "platformdirs" },
    { name = "pywin32", marker = "platform_python_implementation != 'PyPy' and sys_platform == 'win32'" },
    { name = "traitlets" },
]
sdist = { url = "https://files.pythonhosted.org/packages/62/0c/c48e8ae6c87548b066a5d968efa1a4376814eb61fec188ccaa4eb321579f/jupyter_core-5.0.0.tar.gz", hash = "sha256:4ed68b7c606197c7e344a24b7195eef57898157075a69655a886074b6beb7043", size = 78285 }
wheels = [
    { url = "https://files.pythonhosted.org/packages/a3/60/63e9e1e18ae427cd925eb970dd452a5b322060207e7f5243ca4620ee0507/jupyter_core-5.0.0-py3-none-any.whl", hash = "sha256:6da1fae48190da8551e1b5dbbb19d51d00b079d59a073c7030407ecaf96dbb1e", size = 91059 },
]

[[package]]
name = "markupsafe"
version = "2.1.5"
source = { registry = "https://pypi.org/simple" }
sdist = { url = "https://files.pythonhosted.org/packages/87/5b/aae44c6655f3801e81aa3eef09dbbf012431987ba564d7231722f68df02d/MarkupSafe-2.1.5.tar.gz", hash = "sha256:d283d37a890ba4c1ae73ffadf8046435c76e7bc2247bbb63c00bd1a709c6544b", size = 19384 }
wheels = [
    { url = "https://files.pythonhosted.org/packages/f8/ff/2c942a82c35a49df5de3a630ce0a8456ac2969691b230e530ac12314364c/MarkupSafe-2.1.5-cp38-cp38-macosx_10_9_universal2.whl", hash = "sha256:656f7526c69fac7f600bd1f400991cc282b417d17539a1b228617081106feb4a", size = 18192 },
    { url = "https://files.pythonhosted.org/packages/4f/14/6f294b9c4f969d0c801a4615e221c1e084722ea6114ab2114189c5b8cbe0/MarkupSafe-2.1.5-cp38-cp38-macosx_10_9_x86_64.whl", hash = "sha256:97cafb1f3cbcd3fd2b6fbfb99ae11cdb14deea0736fc2b0952ee177f2b813a46", size = 14072 },
    { url = "https://files.pythonhosted.org/packages/81/d4/fd74714ed30a1dedd0b82427c02fa4deec64f173831ec716da11c51a50aa/MarkupSafe-2.1.5-cp38-cp38-manylinux_2_17_aarch64.manylinux2014_aarch64.whl", hash = "sha256:1f3fbcb7ef1f16e48246f704ab79d79da8a46891e2da03f8783a5b6fa41a9532", size = 26928 },
    { url = "https://files.pythonhosted.org/packages/c7/bd/50319665ce81bb10e90d1cf76f9e1aa269ea6f7fa30ab4521f14d122a3df/MarkupSafe-2.1.5-cp38-cp38-manylinux_2_17_x86_64.manylinux2014_x86_64.whl", hash = "sha256:fa9db3f79de01457b03d4f01b34cf91bc0048eb2c3846ff26f66687c2f6d16ab", size = 26106 },
    { url = "https://files.pythonhosted.org/packages/4c/6f/f2b0f675635b05f6afd5ea03c094557bdb8622fa8e673387444fe8d8e787/MarkupSafe-2.1.5-cp38-cp38-manylinux_2_5_i686.manylinux1_i686.manylinux_2_17_i686.manylinux2014_i686.whl", hash = "sha256:ffee1f21e5ef0d712f9033568f8344d5da8cc2869dbd08d87c84656e6a2d2f68", size = 25781 },
    { url = "https://files.pythonhosted.org/packages/51/e0/393467cf899b34a9d3678e78961c2c8cdf49fb902a959ba54ece01273fb1/MarkupSafe-2.1.5-cp38-cp38-musllinux_1_1_aarch64.whl", hash = "sha256:5dedb4db619ba5a2787a94d877bc8ffc0566f92a01c0ef214865e54ecc9ee5e0", size = 30518 },
    { url = "https://files.pythonhosted.org/packages/f6/02/5437e2ad33047290dafced9df741d9efc3e716b75583bbd73a9984f1b6f7/MarkupSafe-2.1.5-cp38-cp38-musllinux_1_1_i686.whl", hash = "sha256:30b600cf0a7ac9234b2638fbc0fb6158ba5bdcdf46aeb631ead21248b9affbc4", size = 29669 },
    { url = "https://files.pythonhosted.org/packages/0e/7d/968284145ffd9d726183ed6237c77938c021abacde4e073020f920e060b2/MarkupSafe-2.1.5-cp38-cp38-musllinux_1_1_x86_64.whl", hash = "sha256:8dd717634f5a044f860435c1d8c16a270ddf0ef8588d4887037c5028b859b0c3", size = 29933 },
    { url = "https://files.pythonhosted.org/packages/bf/f3/ecb00fc8ab02b7beae8699f34db9357ae49d9f21d4d3de6f305f34fa949e/MarkupSafe-2.1.5-cp38-cp38-win32.whl", hash = "sha256:daa4ee5a243f0f20d528d939d06670a298dd39b1ad5f8a72a4275124a7819eff", size = 16656 },
    { url = "https://files.pythonhosted.org/packages/92/21/357205f03514a49b293e214ac39de01fadd0970a6e05e4bf1ddd0ffd0881/MarkupSafe-2.1.5-cp38-cp38-win_amd64.whl", hash = "sha256:619bc166c4f2de5caa5a633b8b7326fbe98e0ccbfacabd87268a2b15ff73a029", size = 17206 },
]

[[package]]
name = "mistune"
version = "0.8.4"
source = { registry = "https://pypi.org/simple" }
sdist = { url = "https://files.pythonhosted.org/packages/2d/a4/509f6e7783ddd35482feda27bc7f72e65b5e7dc910eca4ab2164daf9c577/mistune-0.8.4.tar.gz", hash = "sha256:59a3429db53c50b5c6bcc8a07f8848cb00d7dc8bdb431a4ab41920d201d4756e", size = 58322 }
wheels = [
    { url = "https://files.pythonhosted.org/packages/09/ec/4b43dae793655b7d8a25f76119624350b4d65eb663459eb9603d7f1f0345/mistune-0.8.4-py2.py3-none-any.whl", hash = "sha256:88a1051873018da288eee8538d476dffe1262495144b33ecb586c4ab266bb8d4", size = 16220 },
]

[[package]]
name = "nbconvert"
version = "5.6.1"
source = { registry = "https://pypi.org/simple" }
dependencies = [
    { name = "bleach" },
    { name = "defusedxml" },
    { name = "entrypoints" },
    { name = "jinja2" },
    { name = "jupyter-core" },
    { name = "mistune" },
    { name = "nbformat" },
    { name = "pandocfilters" },
    { name = "pygments" },
    { name = "testpath" },
    { name = "traitlets" },
]
sdist = { url = "https://files.pythonhosted.org/packages/04/f2/299fa4b15155ecbe2aefe7412249f0dd91f953b7a9b37c336317d564a1ca/nbconvert-5.6.1.tar.gz", hash = "sha256:21fb48e700b43e82ba0e3142421a659d7739b65568cc832a13976a77be16b523", size = 703233 }
wheels = [
    { url = "https://files.pythonhosted.org/packages/79/6c/05a569e9f703d18aacb89b7ad6075b404e8a4afde2c26b73ca77bb644b14/nbconvert-5.6.1-py2.py3-none-any.whl", hash = "sha256:f0d6ec03875f96df45aa13e21fd9b8450c42d7e1830418cccc008c0df725fcee", size = 455126 },
]

[[package]]
name = "nbformat"
version = "5.3.0"
source = { registry = "https://pypi.org/simple" }
dependencies = [
    { name = "fastjsonschema" },
    { name = "jsonschema" },
    { name = "jupyter-core" },
    { name = "traitlets" },
]
sdist = { url = "https://files.pythonhosted.org/packages/eb/51/ad97f33007b51095f551fc06391f13d28a45f62c0c051837331970e01557/nbformat-5.3.0.tar.gz", hash = "sha256:fcc5ab8cb74e20b19570b5be809e2dba9b82836fd2761a89066ad43394ba29f5", size = 136855 }
wheels = [
    { url = "https://files.pythonhosted.org/packages/16/19/ae7286d58c4aa5f95d99a3eaa19ee5f6a334254b5a78ec88006b62f81476/nbformat-5.3.0-py3-none-any.whl", hash = "sha256:38856d97de49e8292e2d5d8f595e9d26f02abfd87e075d450af4511870b40538", size = 73170 },
]

[[package]]
name = "nbhugoexporter"
version = "0.2.0"
source = { git = "ssh://git@github.com/EthanRosenthal/nb_hugo_exporter?branch=fix-images#ce745ce9532d4f162ee85bb8990022a03d035664" }
dependencies = [
    { name = "nbconvert" },
    { name = "traitlets" },
]

[[package]]
name = "pandocfilters"
version = "1.5.1"
source = { registry = "https://pypi.org/simple" }
sdist = { url = "https://files.pythonhosted.org/packages/70/6f/3dd4940bbe001c06a65f88e36bad298bc7a0de5036115639926b0c5c0458/pandocfilters-1.5.1.tar.gz", hash = "sha256:002b4a555ee4ebc03f8b66307e287fa492e4a77b4ea14d3f934328297bb4939e", size = 8454 }
wheels = [
    { url = "https://files.pythonhosted.org/packages/ef/af/4fbc8cab944db5d21b7e2a5b8e9211a03a79852b1157e2c102fcc61ac440/pandocfilters-1.5.1-py2.py3-none-any.whl", hash = "sha256:93be382804a9cdb0a7267585f157e5d1731bbe5545a85b268d6f5fe6232de2bc", size = 8663 },
]

[[package]]
name = "pkgutil-resolve-name"
version = "1.3.10"
source = { registry = "https://pypi.org/simple" }
sdist = { url = "https://files.pythonhosted.org/packages/70/f2/f2891a9dc37398696ddd945012b90ef8d0a034f0012e3f83c3f7a70b0f79/pkgutil_resolve_name-1.3.10.tar.gz", hash = "sha256:357d6c9e6a755653cfd78893817c0853af365dd51ec97f3d358a819373bbd174", size = 5054 }
wheels = [
    { url = "https://files.pythonhosted.org/packages/c9/5c/3d4882ba113fd55bdba9326c1e4c62a15e674a2501de4869e6bd6301f87e/pkgutil_resolve_name-1.3.10-py3-none-any.whl", hash = "sha256:ca27cc078d25c5ad71a9de0a7a330146c4e014c2462d9af19c6b828280649c5e", size = 4734 },
]

[[package]]
name = "platformdirs"
version = "4.3.6"
source = { registry = "https://pypi.org/simple" }
sdist = { url = "https://files.pythonhosted.org/packages/13/fc/128cc9cb8f03208bdbf93d3aa862e16d376844a14f9a0ce5cf4507372de4/platformdirs-4.3.6.tar.gz", hash = "sha256:357fb2acbc885b0419afd3ce3ed34564c13c9b95c89360cd9563f73aa5e2b907", size = 21302 }
wheels = [
    { url = "https://files.pythonhosted.org/packages/3c/a6/bc1012356d8ece4d66dd75c4b9fc6c1f6650ddd5991e421177d9f8f671be/platformdirs-4.3.6-py3-none-any.whl", hash = "sha256:73e575e1408ab8103900836b97580d5307456908a03e92031bab39e4554cc3fb", size = 18439 },
]

[[package]]
name = "pygments"
version = "2.19.2"
source = { registry = "https://pypi.org/simple" }
sdist = { url = "https://files.pythonhosted.org/packages/b0/77/a5b8c569bf593b0140bde72ea885a803b82086995367bf2037de0159d924/pygments-2.19.2.tar.gz", hash = "sha256:636cb2477cec7f8952536970bc533bc43743542f70392ae026374600add5b887", size = 4968631 }
wheels = [
    { url = "https://files.pythonhosted.org/packages/c7/21/705964c7812476f378728bdf590ca4b771ec72385c533964653c68e86bdc/pygments-2.19.2-py3-none-any.whl", hash = "sha256:86540386c03d588bb81d44bc3928634ff26449851e99741617ecb9037ee5ec0b", size = 1225217 },
]

[[package]]
name = "pywin32"
version = "311"
source = { registry = "https://pypi.org/simple" }
wheels = [
    { url = "https://files.pythonhosted.org/packages/75/20/6cd04d636a4c83458ecbb7c8220c13786a1a80d3f5fb568df39310e73e98/pywin32-311-cp38-cp38-win32.whl", hash = "sha256:6c6f2969607b5023b0d9ce2541f8d2cbb01c4f46bc87456017cf63b73f1e2d8c", size = 8766775 },
    { url = "https://files.pythonhosted.org/packages/ff/6c/94c10268bae5d0d0c6509bdfb5aa08882d11a9ccdf89ff1cde59a6161afb/pywin32-311-cp38-cp38-win_amd64.whl", hash = "sha256:c8015b09fb9a5e188f83b7b04de91ddca4658cee2ae6f3bc483f0b21a77ef6cd", size = 9594743 },
]

[[package]]
name = "referencing"
version = "0.35.1"
source = { registry = "https://pypi.org/simple" }
dependencies = [
    { name = "attrs" },
    { name = "rpds-py" },
]
sdist = { url = "https://files.pythonhosted.org/packages/99/5b/73ca1f8e72fff6fa52119dbd185f73a907b1989428917b24cff660129b6d/referencing-0.35.1.tar.gz", hash = "sha256:25b42124a6c8b632a425174f24087783efb348a6f1e0008e63cd4466fedf703c", size = 62991 }
wheels = [
    { url = "https://files.pythonhosted.org/packages/b7/59/2056f61236782a2c86b33906c025d4f4a0b17be0161b63b70fd9e8775d36/referencing-0.35.1-py3-none-any.whl", hash = "sha256:eda6d3234d62814d1c64e305c1331c9a3a6132da475ab6382eaa997b21ee75de", size = 26684 },
]

[[package]]
name = "rpds-py"
version = "0.20.1"
source = { registry = "https://pypi.org/simple" }
sdist = { url = "https://files.pythonhosted.org/packages/25/cb/8e919951f55d109d658f81c9b49d0cc3b48637c50792c5d2e77032b8c5da/rpds_py-0.20.1.tar.gz", hash = "sha256:e1791c4aabd117653530dccd24108fa03cc6baf21f58b950d0a73c3b3b29a350", size = 25931 }
wheels = [
    { url = "https://files.pythonhosted.org/packages/53/ef/b1883734ea0cd9996de793cdc38c32a28143b04911d1e570090acd8a9162/rpds_py-0.20.1-cp38-cp38-macosx_10_12_x86_64.whl", hash = "sha256:5b48e790e0355865197ad0aca8cde3d8ede347831e1959e158369eb3493d2191", size = 327757 },
    { url = "https://files.pythonhosted.org/packages/54/63/47d34dc4ddb3da73e78e10c9009dcf8edc42d355a221351c05c822c2a50b/rpds_py-0.20.1-cp38-cp38-macosx_11_0_arm64.whl", hash = "sha256:3e310838a5801795207c66c73ea903deda321e6146d6f282e85fa7e3e4854804", size = 318785 },
    { url = "https://files.pythonhosted.org/packages/f7/e1/d6323be4afbe3013f28725553b7bfa80b3f013f91678af258f579f8ea8f9/rpds_py-0.20.1-cp38-cp38-manylinux_2_17_aarch64.manylinux2014_aarch64.whl", hash = "sha256:2249280b870e6a42c0d972339e9cc22ee98730a99cd7f2f727549af80dd5a963", size = 361511 },
    { url = "https://files.pythonhosted.org/packages/ab/d3/c40e4d9ecd571f0f50fe69bc53fe608d7b2c49b30738b480044990260838/rpds_py-0.20.1-cp38-cp38-manylinux_2_17_armv7l.manylinux2014_armv7l.whl", hash = "sha256:e79059d67bea28b53d255c1437b25391653263f0e69cd7dec170d778fdbca95e", size = 370201 },
    { url = "https://files.pythonhosted.org/packages/f1/b6/96a4a9977a8a06c2c49d90aa571346aff1642abf15066a39a0b4817bf049/rpds_py-0.20.1-cp38-cp38-manylinux_2_17_ppc64le.manylinux2014_ppc64le.whl", hash = "sha256:2b431c777c9653e569986ecf69ff4a5dba281cded16043d348bf9ba505486f36", size = 403866 },
    { url = "https://files.pythonhosted.org/packages/cd/8f/702b52287949314b498a311f92b5ee0ba30c702a27e0e6b560e2da43b8d5/rpds_py-0.20.1-cp38-cp38-manylinux_2_17_s390x.manylinux2014_s390x.whl", hash = "sha256:da584ff96ec95e97925174eb8237e32f626e7a1a97888cdd27ee2f1f24dd0ad8", size = 430163 },
    { url = "https://files.pythonhosted.org/packages/c4/ce/af016c81fda833bf125b20d1677d816f230cad2ab189f46bcbfea3c7a375/rpds_py-0.20.1-cp38-cp38-manylinux_2_17_x86_64.manylinux2014_x86_64.whl", hash = "sha256:02a0629ec053fc013808a85178524e3cb63a61dbc35b22499870194a63578fb9", size = 360776 },
    { url = "https://files.pythonhosted.org/packages/08/a7/988e179c9bef55821abe41762228d65077e0570ca75c9efbcd1bc6e263b4/rpds_py-0.20.1-cp38-cp38-manylinux_2_5_i686.manylinux1_i686.whl", hash = "sha256:fbf15aff64a163db29a91ed0868af181d6f68ec1a3a7d5afcfe4501252840bad", size = 383008 },
    { url = "https://files.pythonhosted.org/packages/96/b0/e4077f7f1b9622112ae83254aedfb691490278793299bc06dcf54ec8c8e4/rpds_py-0.20.1-cp38-cp38-musllinux_1_2_aarch64.whl", hash = "sha256:07924c1b938798797d60c6308fa8ad3b3f0201802f82e4a2c41bb3fafb44cc28", size = 546371 },
    { url = "https://files.pythonhosted.org/packages/e4/5e/1d4dd08ec0352cfe516ea93ea1993c2f656f893c87dafcd9312bd07f65f7/rpds_py-0.20.1-cp38-cp38-musllinux_1_2_i686.whl", hash = "sha256:4a5a844f68776a7715ecb30843b453f07ac89bad393431efbf7accca3ef599c1", size = 549809 },
    { url = "https://files.pythonhosted.org/packages/57/ac/a716b4729ff23ec034b7d2ff76a86e6f0753c4098401bdfdf55b2efe90e6/rpds_py-0.20.1-cp38-cp38-musllinux_1_2_x86_64.whl", hash = "sha256:518d2ca43c358929bf08f9079b617f1c2ca6e8848f83c1225c88caeac46e6cbc", size = 528492 },
    { url = "https://files.pythonhosted.org/packages/e0/ed/a0b58a9ecef79918169eacdabd14eb4c5c86ce71184ed56b80c6eb425828/rpds_py-0.20.1-cp38-none-win32.whl", hash = "sha256:3aea7eed3e55119635a74bbeb80b35e776bafccb70d97e8ff838816c124539f1", size = 200512 },
    { url = "https://files.pythonhosted.org/packages/5f/c3/222e25124283afc76c473fcd2c547e82ec57683fa31cb4d6c6eb44e5d57a/rpds_py-0.20.1-cp38-none-win_amd64.whl", hash = "sha256:7dca7081e9a0c3b6490a145593f6fe3173a94197f2cb9891183ef75e9d64c425", size = 218627 },
]

[[package]]
name = "six"
version = "1.17.0"
source = { registry = "https://pypi.org/simple" }
sdist = { url = "https://files.pythonhosted.org/packages/94/e7/b2c673351809dca68a0e064b6af791aa332cf192da575fd474ed7d6f16a2/six-1.17.0.tar.gz", hash = "sha256:ff70335d468e7eb6ec65b95b99d3a2836546063f63acc5171de367e834932a81", size = 34031 }
wheels = [
    { url = "https://files.pythonhosted.org/packages/b7/ce/149a00dd41f10bc29e5921b496af8b574d8413afcd5e30dfa0ed46c2cc5e/six-1.17.0-py2.py3-none-any.whl", hash = "sha256:4721f391ed90541fddacab5acf947aa0d3dc7d27b2e1e8eda2be8970586c3274", size = 11050 },
]

[[package]]
name = "testpath"
version = "0.6.0"
source = { registry = "https://pypi.org/simple" }
sdist = { url = "https://files.pythonhosted.org/packages/08/ad/a3e7d580902f57e31d2181563fc4088894692bb6ef79b816344f27719cdc/testpath-0.6.0.tar.gz", hash = "sha256:2f1b97e6442c02681ebe01bd84f531028a7caea1af3825000f52345c30285e0f", size = 93348 }
wheels = [
    { url = "https://files.pythonhosted.org/packages/86/43/1ebfb29c2ca1df2bdb33dbcb2b526b77ee96873ba7b9e25650ddd4ae7156/testpath-0.6.0-py3-none-any.whl", hash = "sha256:8ada9f80a2ac6fb0391aa7cdb1a7d11cfa8429f693eda83f74dde570fe6fa639", size = 83894 },
]

[[package]]
name = "traitlets"
version = "4.3.3"
source = { registry = "https://pypi.org/simple" }
dependencies = [
    { name = "decorator" },
    { name = "ipython-genutils" },
    { name = "six" },
]
sdist = { url = "https://files.pythonhosted.org/packages/75/b0/43deb021bc943f18f07cbe3dac1d681626a48997b7ffa1e7fb14ef922b21/traitlets-4.3.3.tar.gz", hash = "sha256:d023ee369ddd2763310e4c3eae1ff649689440d4ae59d7485eb4cfbbe3e359f7", size = 89838 }
wheels = [
    { url = "https://files.pythonhosted.org/packages/ca/ab/872a23e29cec3cf2594af7e857f18b687ad21039c1f9b922fac5b9b142d5/traitlets-4.3.3-py2.py3-none-any.whl", hash = "sha256:70b4c6a1d9019d7b4f6846832288f86998aa3b9207c6821f3578a6a6a467fe44", size = 75680 },
]

[[package]]
name = "webencodings"
version = "0.5.1"
source = { registry = "https://pypi.org/simple" }
sdist = { url = "https://files.pythonhosted.org/packages/0b/02/ae6ceac1baeda530866a85075641cec12989bd8d31af6d5ab4a3e8c92f47/webencodings-0.5.1.tar.gz", hash = "sha256:b36a1c245f2d304965eb4e0a82848379241dc04b865afcc4aab16748587e1923", size = 9721 }
wheels = [
    { url = "https://files.pythonhosted.org/packages/f4/24/2a3e3df732393fed8b3ebf2ec078f05546de641fe1b667ee316ec1dcf3b7/webencodings-0.5.1-py2.py3-none-any.whl", hash = "sha256:a0af1213f3c2226497a97e2b3aa01a7e4bee4f403f95be16fc9acd2947514a78", size = 11774 },
]

[[package]]
name = "website-source"
version = "0.1.0"
source = { virtual = "." }
dependencies = [
    { name = "jinja2" },
    { name = "nbconvert" },
    { name = "nbhugoexporter" },
    { name = "traitlets" },
]

[package.metadata]
requires-dist = [
    { name = "jinja2", specifier = "==3.0.1" },
    { name = "nbconvert", specifier = "==5.6.1" },
    { name = "nbhugoexporter", git = "ssh://git@github.com/EthanRosenthal/nb_hugo_exporter?branch=fix-images" },
    { name = "traitlets", specifier = "==4.3.3" },
]

[[package]]
name = "zipp"
version = "3.20.2"
source = { registry = "https://pypi.org/simple" }
sdist = { url = "https://files.pythonhosted.org/packages/54/bf/5c0000c44ebc80123ecbdddba1f5dcd94a5ada602a9c225d84b5aaa55e86/zipp-3.20.2.tar.gz", hash = "sha256:bc9eb26f4506fda01b81bcde0ca78103b6e62f991b381fec825435c836edbc29", size = 24199 }
wheels = [
    { url = "https://files.pythonhosted.org/packages/62/8b/5ba542fa83c90e09eac972fc9baca7a88e7e7ca4b221a89251954019308b/zipp-3.20.2-py3-none-any.whl", hash = "sha256:a817ac80d6cf4b23bf7f2828b7cabf326f15a001bea8b1f9b49631780ba28350", size = 9200 },
]
